{
  "name": "ajs-platforms-nodejs",
  "version": "1.0.0",
  "lockfileVersion": 2,
  "requires": true,
  "packages": {
    "": {
      "name": "ajs-platforms-nodejs",
      "version": "1.0.0",
      "license": "ISC",
      "dependencies": {
        "@ddefo25/ajs-platforms": "^1.0.0"
      }
    },
    "node_modules/@ddefo25/ajs-platforms": {
      "version": "1.0.0",
      "resolved": "https://npm.pkg.github.com/download/@ddefo25/ajs-platforms/1.0.0/6f6e8fb448421487c4ec36a7adf3419f2d117242",
      "integrity": "sha512-uKZqIyPzrnW2KJFJzmWS9bf6tbfwK/RET5vm7+nGZfajjPq0Z2VF95qjTwlEYqcKND7d0sYvroVJbJs7gUG3Xg==",
      "license": "ISC"
    }
  },
  "dependencies": {
    "@ddefo25/ajs-platforms": {
      "version": "1.0.0",
      "resolved": "https://npm.pkg.github.com/download/@ddefo25/ajs-platforms/1.0.0/6f6e8fb448421487c4ec36a7adf3419f2d117242",
      "integrity": "sha512-uKZqIyPzrnW2KJFJzmWS9bf6tbfwK/RET5vm7+nGZfajjPq0Z2VF95qjTwlEYqcKND7d0sYvroVJbJs7gUG3Xg=="
    }
  }
}
